
Microsoft Visual Studio Solution File, Format Version 12.00
# Visual Studio Version 17
VisualStudioVersion = 17.13.35931.197 d17.13
MinimumVisualStudioVersion = 10.0.40219.1
Project("{FAE04EC0-301F-11D3-BF4B-00C04F79EFBC}") = "ShoppingCart", "ShoppingCart.csproj", "{DC687ED1-7439-4F26-96AA-EE5F93944D03}"
EndProject
Global
	GlobalSection(SolutionConfigurationPlatforms) = preSolution
		Debug|Any CPU = Debug|Any CPU
		Release|Any CPU = Release|Any CPU
	EndGlobalSection
	GlobalSection(ProjectConfigurationPlatforms) = postSolution
		{DC687ED1-7439-4F26-96AA-EE5F93944D03}.Debug|Any CPU.ActiveCfg = Debug|Any CPU
		{DC687ED1-7439-4F26-96AA-EE5F93944D03}.Debug|Any CPU.Build.0 = Debug|Any CPU
		{DC687ED1-7439-4F26-96AA-EE5F93944D03}.Release|Any CPU.ActiveCfg = Release|Any CPU
		{DC687ED1-7439-4F26-96AA-EE5F93944D03}.Release|Any CPU.Build.0 = Release|Any CPU
	EndGlobalSection
	GlobalSection(SolutionProperties) = preSolution
		HideSolutionNode = FALSE
	EndGlobalSection
	GlobalSection(ExtensibilityGlobals) = postSolution
		SolutionGuid = {123F5691-2023-41DA-BB33-F02566546AF9}
	EndGlobalSection
EndGlobal
